
Microsoft Visual Studio Solution File, Format Version 12.00
# Visual Studio 15
VisualStudioVersion = 15.0.27703.2042
MinimumVisualStudioVersion = 10.0.40219.1
Project("{9A19103F-16F7-4668-BE54-9A1E7A4F7556}") = "Fosol.Schedule.API", "Fosol.Schedule.API\Fosol.Schedule.API.csproj", "{531C5A0F-F660-48DB-A236-BB282A9DF264}"
EndProject
Project("{2150E333-8FDC-42A3-9474-1A3956D46DE8}") = "Documents", "Documents", "{F309D9EB-2ED2-402C-B396-AD4B14905E8C}"
	ProjectSection(SolutionItems) = preProject
		Datamodel.md = Datamodel.md
		LICENSE = LICENSE
		README.md = README.md
	EndProjectSection
EndProject
Project("{9A19103F-16F7-4668-BE54-9A1E7A4F7556}") = "Fosol.Schedule.Entities", "Fosol.Schedule.Entities\Fosol.Schedule.Entities.csproj", "{A25DB1E3-9F84-4E6B-A4E9-D64E89489C44}"
EndProject
Project("{9A19103F-16F7-4668-BE54-9A1E7A4F7556}") = "Fosol.Schedule.DAL", "Fosol.Schedule.DAL\Fosol.Schedule.DAL.csproj", "{105B7383-DE4E-4191-A0D3-620062534C34}"
EndProject
Project("{9A19103F-16F7-4668-BE54-9A1E7A4F7556}") = "Fosol.Schedule.Models", "Fosol.Schedule.Models\Fosol.Schedule.Models.csproj", "{B8F79C74-A952-4FF9-A2D9-17FAEE9F3CA3}"
EndProject
Project("{9A19103F-16F7-4668-BE54-9A1E7A4F7556}") = "Fosol.Core", "Fosol.Core\Fosol.Core.csproj", "{A12D4AEB-F0EE-4588-ACCF-29E308580ED2}"
EndProject
Project("{2150E333-8FDC-42A3-9474-1A3956D46DE8}") = "Solution Items", "Solution Items", "{7EE0996A-5EF8-48AF-A572-0895039526EE}"
	ProjectSection(SolutionItems) = preProject
		.gitignore = .gitignore
		azure-pipelines.yml = azure-pipelines.yml
	EndProjectSection
EndProject
Global
	GlobalSection(SolutionConfigurationPlatforms) = preSolution
		Debug|Any CPU = Debug|Any CPU
		Release|Any CPU = Release|Any CPU
	EndGlobalSection
	GlobalSection(ProjectConfigurationPlatforms) = postSolution
		{531C5A0F-F660-48DB-A236-BB282A9DF264}.Debug|Any CPU.ActiveCfg = Debug|Any CPU
		{531C5A0F-F660-48DB-A236-BB282A9DF264}.Debug|Any CPU.Build.0 = Debug|Any CPU
		{531C5A0F-F660-48DB-A236-BB282A9DF264}.Release|Any CPU.ActiveCfg = Release|Any CPU
		{531C5A0F-F660-48DB-A236-BB282A9DF264}.Release|Any CPU.Build.0 = Release|Any CPU
		{A25DB1E3-9F84-4E6B-A4E9-D64E89489C44}.Debug|Any CPU.ActiveCfg = Debug|Any CPU
		{A25DB1E3-9F84-4E6B-A4E9-D64E89489C44}.Debug|Any CPU.Build.0 = Debug|Any CPU
		{A25DB1E3-9F84-4E6B-A4E9-D64E89489C44}.Release|Any CPU.ActiveCfg = Release|Any CPU
		{A25DB1E3-9F84-4E6B-A4E9-D64E89489C44}.Release|Any CPU.Build.0 = Release|Any CPU
		{105B7383-DE4E-4191-A0D3-620062534C34}.Debug|Any CPU.ActiveCfg = Debug|Any CPU
		{105B7383-DE4E-4191-A0D3-620062534C34}.Debug|Any CPU.Build.0 = Debug|Any CPU
		{105B7383-DE4E-4191-A0D3-620062534C34}.Release|Any CPU.ActiveCfg = Release|Any CPU
		{105B7383-DE4E-4191-A0D3-620062534C34}.Release|Any CPU.Build.0 = Release|Any CPU
		{B8F79C74-A952-4FF9-A2D9-17FAEE9F3CA3}.Debug|Any CPU.ActiveCfg = Debug|Any CPU
		{B8F79C74-A952-4FF9-A2D9-17FAEE9F3CA3}.Debug|Any CPU.Build.0 = Debug|Any CPU
		{B8F79C74-A952-4FF9-A2D9-17FAEE9F3CA3}.Release|Any CPU.ActiveCfg = Release|Any CPU
		{B8F79C74-A952-4FF9-A2D9-17FAEE9F3CA3}.Release|Any CPU.Build.0 = Release|Any CPU
		{A12D4AEB-F0EE-4588-ACCF-29E308580ED2}.Debug|Any CPU.ActiveCfg = Debug|Any CPU
		{A12D4AEB-F0EE-4588-ACCF-29E308580ED2}.Debug|Any CPU.Build.0 = Debug|Any CPU
		{A12D4AEB-F0EE-4588-ACCF-29E308580ED2}.Release|Any CPU.ActiveCfg = Release|Any CPU
		{A12D4AEB-F0EE-4588-ACCF-29E308580ED2}.Release|Any CPU.Build.0 = Release|Any CPU
	EndGlobalSection
	GlobalSection(SolutionProperties) = preSolution
		HideSolutionNode = FALSE
	EndGlobalSection
	GlobalSection(ExtensibilityGlobals) = postSolution
		SolutionGuid = {96F92CBD-2CF7-4B25-8F0D-6FFE04785845}
	EndGlobalSection
EndGlobal
